
Microsoft Visual Studio Solution File, Format Version 12.00
# Visual Studio Version 17
VisualStudioVersion = 17.13.35913.81 d17.13
MinimumVisualStudioVersion = 10.0.40219.1
Project("{FAE04EC0-301F-11D3-BF4B-00C04F79EFBC}") = "MIIO", "MIIO\MIIO.csproj", "{9B6C0BD2-8FB8-4FFA-BCAB-4503FABF6B22}"
EndProject
Global
	GlobalSection(SolutionConfigurationPlatforms) = preSolution
		Debug|Any CPU = Debug|Any CPU
		Release|Any CPU = Release|Any CPU
	EndGlobalSection
	GlobalSection(ProjectConfigurationPlatforms) = postSolution
		{9B6C0BD2-8FB8-4FFA-BCAB-4503FABF6B22}.Debug|Any CPU.ActiveCfg = Debug|Any CPU
		{9B6C0BD2-8FB8-4FFA-BCAB-4503FABF6B22}.Debug|Any CPU.Build.0 = Debug|Any CPU
		{9B6C0BD2-8FB8-4FFA-BCAB-4503FABF6B22}.Release|Any CPU.ActiveCfg = Release|Any CPU
		{9B6C0BD2-8FB8-4FFA-BCAB-4503FABF6B22}.Release|Any CPU.Build.0 = Release|Any CPU
	EndGlobalSection
	GlobalSection(SolutionProperties) = preSolution
		HideSolutionNode = FALSE
	EndGlobalSection
	GlobalSection(ExtensibilityGlobals) = postSolution
		SolutionGuid = {DEF88D02-C95F-4286-8ED2-80BB511F206C}
	EndGlobalSection
EndGlobal
